
Microsoft Visual Studio Solution File, Format Version 12.00
# Visual Studio Version 17
VisualStudioVersion = 17.11.35208.52
MinimumVisualStudioVersion = 10.0.40219.1
Project("{FAE04EC0-301F-11D3-BF4B-00C04F79EFBC}") = "HW13.1", "HW13.1\HW13.1.csproj", "{843C0D3F-325A-40F4-84F0-E6FB3AB8F3D3}"
EndProject
Global
	GlobalSection(SolutionConfigurationPlatforms) = preSolution
		Debug|Any CPU = Debug|Any CPU
		Release|Any CPU = Release|Any CPU
	EndGlobalSection
	GlobalSection(ProjectConfigurationPlatforms) = postSolution
		{843C0D3F-325A-40F4-84F0-E6FB3AB8F3D3}.Debug|Any CPU.ActiveCfg = Debug|Any CPU
		{843C0D3F-325A-40F4-84F0-E6FB3AB8F3D3}.Debug|Any CPU.Build.0 = Debug|Any CPU
		{843C0D3F-325A-40F4-84F0-E6FB3AB8F3D3}.Release|Any CPU.ActiveCfg = Release|Any CPU
		{843C0D3F-325A-40F4-84F0-E6FB3AB8F3D3}.Release|Any CPU.Build.0 = Release|Any CPU
	EndGlobalSection
	GlobalSection(SolutionProperties) = preSolution
		HideSolutionNode = FALSE
	EndGlobalSection
	GlobalSection(ExtensibilityGlobals) = postSolution
		SolutionGuid = {73926D87-D5CB-4690-9E13-F05C43E6AE01}
	EndGlobalSection
EndGlobal
